// !$*UTF8*$!
{
	archiveVersion = 1;
	classes = {
	};
	objectVersion = 56;
	objects = {

/* Begin PBXBuildFile section */
		2A284EC529348FD6002E7F4B /* AppDelegate.swift in Sources */ = {isa = PBXBuildFile; fileRef = 2A284EC429348FD6002E7F4B /* AppDelegate.swift */; };
		2A284EC729348FD6002E7F4B /* SceneDelegate.swift in Sources */ = {isa = PBXBuildFile; fileRef = 2A284EC629348FD6002E7F4B /* SceneDelegate.swift */; };
		2A284EC929348FD6002E7F4B /* MainViewController.swift in Sources */ = {isa = PBXBuildFile; fileRef = 2A284EC829348FD6002E7F4B /* MainViewController.swift */; };
		2A284ECC29348FD6002E7F4B /* Main.storyboard in Resources */ = {isa = PBXBuildFile; fileRef = 2A284ECA29348FD6002E7F4B /* Main.storyboard */; };
		2A284ECE29348FD8002E7F4B /* Assets.xcassets in Resources */ = {isa = PBXBuildFile; fileRef = 2A284ECD29348FD8002E7F4B /* Assets.xcassets */; };
		2A284ED129348FD8002E7F4B /* LaunchScreen.storyboard in Resources */ = {isa = PBXBuildFile; fileRef = 2A284ECF29348FD8002E7F4B /* LaunchScreen.storyboard */; };
		2A284EDD293491EC002E7F4B /* DefaultTableViewCell.swift in Sources */ = {isa = PBXBuildFile; fileRef = 2A284EDC293491EC002E7F4B /* DefaultTableViewCell.swift */; };
		2A284EE0293496CA002E7F4B /* SnapKit in Frameworks */ = {isa = PBXBuildFile; productRef = 2A284EDF293496CA002E7F4B /* SnapKit */; };
		2A284EE329349D35002E7F4B /* MyCustom+Extension.swift in Sources */ = {isa = PBXBuildFile; fileRef = 2A284EE229349D35002E7F4B /* MyCustom+Extension.swift */; };
		2A4FEE6C2935FA860004F24A /* MinewTestViewController.swift in Sources */ = {isa = PBXBuildFile; fileRef = 2A4FEE6B2935FA860004F24A /* MinewTestViewController.swift */; };
		2A918E482937307800ED8165 /* libMinewBeaconAdmin.a in Frameworks */ = {isa = PBXBuildFile; fileRef = 2A918E462937307800ED8165 /* libMinewBeaconAdmin.a */; };
/* End PBXBuildFile section */

/* Begin PBXFileReference section */
		2A284EC129348FD6002E7F4B /* MyBeaconTest.app */ = {isa = PBXFileReference; explicitFileType = wrapper.application; includeInIndex = 0; path = MyBeaconTest.app; sourceTree = BUILT_PRODUCTS_DIR; };
		2A284EC429348FD6002E7F4B /* AppDelegate.swift */ = {isa = PBXFileReference; lastKnownFileType = sourcecode.swift; path = AppDelegate.swift; sourceTree = "<group>"; };
		2A284EC629348FD6002E7F4B /* SceneDelegate.swift */ = {isa = PBXFileReference; lastKnownFileType = sourcecode.swift; path = SceneDelegate.swift; sourceTree = "<group>"; };
		2A284EC829348FD6002E7F4B /* MainViewController.swift */ = {isa = PBXFileReference; lastKnownFileType = sourcecode.swift; path = MainViewController.swift; sourceTree = "<group>"; };
		2A284ECB29348FD6002E7F4B /* Base */ = {isa = PBXFileReference; lastKnownFileType = file.storyboard; name = Base; path = Base.lproj/Main.storyboard; sourceTree = "<group>"; };
		2A284ECD29348FD8002E7F4B /* Assets.xcassets */ = {isa = PBXFileReference; lastKnownFileType = folder.assetcatalog; path = Assets.xcassets; sourceTree = "<group>"; };
		2A284ED029348FD8002E7F4B /* Base */ = {isa = PBXFileReference; lastKnownFileType = file.storyboard; name = Base; path = Base.lproj/LaunchScreen.storyboard; sourceTree = "<group>"; };
		2A284ED229348FD8002E7F4B /* Info.plist */ = {isa = PBXFileReference; lastKnownFileType = text.plist.xml; path = Info.plist; sourceTree = "<group>"; };
		2A284EDC293491EC002E7F4B /* DefaultTableViewCell.swift */ = {isa = PBXFileReference; lastKnownFileType = sourcecode.swift; path = DefaultTableViewCell.swift; sourceTree = "<group>"; };
		2A284EE229349D35002E7F4B /* MyCustom+Extension.swift */ = {isa = PBXFileReference; lastKnownFileType = sourcecode.swift; path = "MyCustom+Extension.swift"; sourceTree = "<group>"; };
		2A4FEE6B2935FA860004F24A /* MinewTestViewController.swift */ = {isa = PBXFileReference; lastKnownFileType = sourcecode.swift; path = MinewTestViewController.swift; sourceTree = "<group>"; };
		2A4FEE6D293602DB0004F24A /* MyBeaconTest-Bridging-Header.h */ = {isa = PBXFileReference; lastKnownFileType = sourcecode.c.h; path = "MyBeaconTest-Bridging-Header.h"; sourceTree = "<group>"; };
		2A918E432937307800ED8165 /* MinewBeaconSetting.h */ = {isa = PBXFileReference; fileEncoding = 4; lastKnownFileType = sourcecode.c.h; path = MinewBeaconSetting.h; sourceTree = "<group>"; };
		2A918E442937307800ED8165 /* MinewBeacon.h */ = {isa = PBXFileReference; fileEncoding = 4; lastKnownFileType = sourcecode.c.h; path = MinewBeacon.h; sourceTree = "<group>"; };
		2A918E452937307800ED8165 /* MinewBeaconConnection.h */ = {isa = PBXFileReference; fileEncoding = 4; lastKnownFileType = sourcecode.c.h; path = MinewBeaconConnection.h; sourceTree = "<group>"; };
		2A918E462937307800ED8165 /* libMinewBeaconAdmin.a */ = {isa = PBXFileReference; lastKnownFileType = archive.ar; path = libMinewBeaconAdmin.a; sourceTree = "<group>"; };
		2A918E472937307800ED8165 /* MinewBeaconManager.h */ = {isa = PBXFileReference; fileEncoding = 4; lastKnownFileType = sourcecode.c.h; path = MinewBeaconManager.h; sourceTree = "<group>"; };
/* End PBXFileReference section */

/* Begin PBXFrameworksBuildPhase section */
		2A284EBE29348FD6002E7F4B /* Frameworks */ = {
			isa = PBXFrameworksBuildPhase;
			buildActionMask = 2147483647;
			files = (
				2A918E482937307800ED8165 /* libMinewBeaconAdmin.a in Frameworks */,
				2A284EE0293496CA002E7F4B /* SnapKit in Frameworks */,
			);
			runOnlyForDeploymentPostprocessing = 0;
		};
/* End PBXFrameworksBuildPhase section */

/* Begin PBXGroup section */
		2A284EB829348FD6002E7F4B = {
			isa = PBXGroup;
			children = (
				2A284EC329348FD6002E7F4B /* MyBeaconTest */,
				2A284EC229348FD6002E7F4B /* Products */,
				2A284EDE293496CA002E7F4B /* Frameworks */,
			);
			sourceTree = "<group>";
		};
		2A284EC229348FD6002E7F4B /* Products */ = {
			isa = PBXGroup;
			children = (
				2A284EC129348FD6002E7F4B /* MyBeaconTest.app */,
			);
			name = Products;
			sourceTree = "<group>";
		};
		2A284EC329348FD6002E7F4B /* MyBeaconTest */ = {
			isa = PBXGroup;
			children = (
				2A4FEE632935F96C0004F24A /* MinewIbeacon */,
				2A284EE129349CED002E7F4B /* Common */,
				2A284ED92934910B002E7F4B /* View */,
				2A284EC429348FD6002E7F4B /* AppDelegate.swift */,
				2A284EC629348FD6002E7F4B /* SceneDelegate.swift */,
				2A284ECD29348FD8002E7F4B /* Assets.xcassets */,
				2A284ECF29348FD8002E7F4B /* LaunchScreen.storyboard */,
				2A284ED229348FD8002E7F4B /* Info.plist */,
			);
			path = MyBeaconTest;
			sourceTree = "<group>";
		};
		2A284ED92934910B002E7F4B /* View */ = {
			isa = PBXGroup;
			children = (
				2A284EDB293491D8002E7F4B /* TableViewCell */,
				2A284EDA2934911B002E7F4B /* Main */,
			);
			path = View;
			sourceTree = "<group>";
		};
		2A284EDA2934911B002E7F4B /* Main */ = {
			isa = PBXGroup;
			children = (
				2A284ECA29348FD6002E7F4B /* Main.storyboard */,
				2A284EC829348FD6002E7F4B /* MainViewController.swift */,
			);
			path = Main;
			sourceTree = "<group>";
		};
		2A284EDB293491D8002E7F4B /* TableViewCell */ = {
			isa = PBXGroup;
			children = (
				2A284EDC293491EC002E7F4B /* DefaultTableViewCell.swift */,
			);
			path = TableViewCell;
			sourceTree = "<group>";
		};
		2A284EDE293496CA002E7F4B /* Frameworks */ = {
			isa = PBXGroup;
			children = (
			);
			name = Frameworks;
			sourceTree = "<group>";
		};
		2A284EE129349CED002E7F4B /* Common */ = {
			isa = PBXGroup;
			children = (
				2A284EE229349D35002E7F4B /* MyCustom+Extension.swift */,
			);
			path = Common;
			sourceTree = "<group>";
		};
		2A4FEE632935F96C0004F24A /* MinewIbeacon */ = {
			isa = PBXGroup;
			children = (
				2A918E462937307800ED8165 /* libMinewBeaconAdmin.a */,
				2A918E442937307800ED8165 /* MinewBeacon.h */,
				2A918E452937307800ED8165 /* MinewBeaconConnection.h */,
				2A918E472937307800ED8165 /* MinewBeaconManager.h */,
				2A918E432937307800ED8165 /* MinewBeaconSetting.h */,
				2A4FEE6D293602DB0004F24A /* MyBeaconTest-Bridging-Header.h */,
				2A4FEE6B2935FA860004F24A /* MinewTestViewController.swift */,
			);
			path = MinewIbeacon;
			sourceTree = "<group>";
		};
/* End PBXGroup section */

/* Begin PBXNativeTarget section */
		2A284EC029348FD6002E7F4B /* MyBeaconTest */ = {
			isa = PBXNativeTarget;
			buildConfigurationList = 2A284ED529348FD8002E7F4B /* Build configuration list for PBXNativeTarget "MyBeaconTest" */;
			buildPhases = (
				2A284EBD29348FD6002E7F4B /* Sources */,
				2A284EBE29348FD6002E7F4B /* Frameworks */,
				2A284EBF29348FD6002E7F4B /* Resources */,
			);
			buildRules = (
			);
			dependencies = (
			);
			name = MyBeaconTest;
			packageProductDependencies = (
				2A284EDF293496CA002E7F4B /* SnapKit */,
			);
			productName = MyBeaconTest;
			productReference = 2A284EC129348FD6002E7F4B /* MyBeaconTest.app */;
			productType = "com.apple.product-type.application";
		};
/* End PBXNativeTarget section */

/* Begin PBXProject section */
		2A284EB929348FD6002E7F4B /* Project object */ = {
			isa = PBXProject;
			attributes = {
				BuildIndependentTargetsInParallel = 1;
				LastSwiftUpdateCheck = 1410;
				LastUpgradeCheck = 1410;
				TargetAttributes = {
					2A284EC029348FD6002E7F4B = {
						CreatedOnToolsVersion = 14.1;
					};
				};
			};
			buildConfigurationList = 2A284EBC29348FD6002E7F4B /* Build configuration list for PBXProject "MyBeaconTest" */;
			compatibilityVersion = "Xcode 14.0";
			developmentRegion = en;
			hasScannedForEncodings = 0;
			knownRegions = (
				en,
				Base,
			);
			mainGroup = 2A284EB829348FD6002E7F4B;
			packageReferences = (
				2A284ED8293490FE002E7F4B /* XCRemoteSwiftPackageReference "SnapKit" */,
			);
			productRefGroup = 2A284EC229348FD6002E7F4B /* Products */;
			projectDirPath = "";
			projectRoot = "";
			targets = (
				2A284EC029348FD6002E7F4B /* MyBeaconTest */,
			);
		};
/* End PBXProject section */

/* Begin PBXResourcesBuildPhase section */
		2A284EBF29348FD6002E7F4B /* Resources */ = {
			isa = PBXResourcesBuildPhase;
			buildActionMask = 2147483647;
			files = (
				2A284ED129348FD8002E7F4B /* LaunchScreen.storyboard in Resources */,
				2A284ECE29348FD8002E7F4B /* Assets.xcassets in Resources */,
				2A284ECC29348FD6002E7F4B /* Main.storyboard in Resources */,
			);
			runOnlyForDeploymentPostprocessing = 0;
		};
/* End PBXResourcesBuildPhase section */

/* Begin PBXSourcesBuildPhase section */
		2A284EBD29348FD6002E7F4B /* Sources */ = {
			isa = PBXSourcesBuildPhase;
			buildActionMask = 2147483647;
			files = (
				2A284EC929348FD6002E7F4B /* MainViewController.swift in Sources */,
				2A4FEE6C2935FA860004F24A /* MinewTestViewController.swift in Sources */,
				2A284EDD293491EC002E7F4B /* DefaultTableViewCell.swift in Sources */,
				2A284EC529348FD6002E7F4B /* AppDelegate.swift in Sources */,
				2A284EE329349D35002E7F4B /* MyCustom+Extension.swift in Sources */,
				2A284EC729348FD6002E7F4B /* SceneDelegate.swift in Sources */,
			);
			runOnlyForDeploymentPostprocessing = 0;
		};
/* End PBXSourcesBuildPhase section */

/* Begin PBXVariantGroup section */
		2A284ECA29348FD6002E7F4B /* Main.storyboard */ = {
			isa = PBXVariantGroup;
			children = (
				2A284ECB29348FD6002E7F4B /* Base */,
			);
			name = Main.storyboard;
			sourceTree = "<group>";
		};
		2A284ECF29348FD8002E7F4B /* LaunchScreen.storyboard */ = {
			isa = PBXVariantGroup;
			children = (
				2A284ED029348FD8002E7F4B /* Base */,
			);
			name = LaunchScreen.storyboard;
			sourceTree = "<group>";
		};
/* End PBXVariantGroup section */

/* Begin XCBuildConfiguration section */
		2A284ED329348FD8002E7F4B /* Debug */ = {
			isa = XCBuildConfiguration;
			buildSettings = {
				ALWAYS_SEARCH_USER_PATHS = NO;
				CLANG_ANALYZER_NONNULL = YES;
				CLANG_ANALYZER_NUMBER_OBJECT_CONVERSION = YES_AGGRESSIVE;
				CLANG_CXX_LANGUAGE_STANDARD = "gnu++20";
				CLANG_ENABLE_MODULES = YES;
				CLANG_ENABLE_OBJC_ARC = YES;
				CLANG_ENABLE_OBJC_WEAK = YES;
				CLANG_WARN_BLOCK_CAPTURE_AUTORELEASING = YES;
				CLANG_WARN_BOOL_CONVERSION = YES;
				CLANG_WARN_COMMA = YES;
				CLANG_WARN_CONSTANT_CONVERSION = YES;
				CLANG_WARN_DEPRECATED_OBJC_IMPLEMENTATIONS = YES;
				CLANG_WARN_DIRECT_OBJC_ISA_USAGE = YES_ERROR;
				CLANG_WARN_DOCUMENTATION_COMMENTS = YES;
				CLANG_WARN_EMPTY_BODY = YES;
				CLANG_WARN_ENUM_CONVERSION = YES;
				CLANG_WARN_INFINITE_RECURSION = YES;
				CLANG_WARN_INT_CONVERSION = YES;
				CLANG_WARN_NON_LITERAL_NULL_CONVERSION = YES;
				CLANG_WARN_OBJC_IMPLICIT_RETAIN_SELF = YES;
				CLANG_WARN_OBJC_LITERAL_CONVERSION = YES;
				CLANG_WARN_OBJC_ROOT_CLASS = YES_ERROR;
				CLANG_WARN_QUOTED_INCLUDE_IN_FRAMEWORK_HEADER = YES;
				CLANG_WARN_RANGE_LOOP_ANALYSIS = YES;
				CLANG_WARN_STRICT_PROTOTYPES = YES;
				CLANG_WARN_SUSPICIOUS_MOVE = YES;
				CLANG_WARN_UNGUARDED_AVAILABILITY = YES_AGGRESSIVE;
				CLANG_WARN_UNREACHABLE_CODE = YES;
				CLANG_WARN__DUPLICATE_METHOD_MATCH = YES;
				COPY_PHASE_STRIP = NO;
				DEBUG_INFORMATION_FORMAT = dwarf;
				ENABLE_STRICT_OBJC_MSGSEND = YES;
				ENABLE_TESTABILITY = YES;
				GCC_C_LANGUAGE_STANDARD = gnu11;
				GCC_DYNAMIC_NO_PIC = NO;
				GCC_NO_COMMON_BLOCKS = YES;
				GCC_OPTIMIZATION_LEVEL = 0;
				GCC_PREPROCESSOR_DEFINITIONS = (
					"DEBUG=1",
					"$(inherited)",
				);
				GCC_WARN_64_TO_32_BIT_CONVERSION = YES;
				GCC_WARN_ABOUT_RETURN_TYPE = YES_ERROR;
				GCC_WARN_UNDECLARED_SELECTOR = YES;
				GCC_WARN_UNINITIALIZED_AUTOS = YES_AGGRESSIVE;
				GCC_WARN_UNUSED_FUNCTION = YES;
				GCC_WARN_UNUSED_VARIABLE = YES;
				IPHONEOS_DEPLOYMENT_TARGET = 16.1;
				MTL_ENABLE_DEBUG_INFO = INCLUDE_SOURCE;
				MTL_FAST_MATH = YES;
				ONLY_ACTIVE_ARCH = YES;
				SDKROOT = iphoneos;
				SWIFT_ACTIVE_COMPILATION_CONDITIONS = DEBUG;
				SWIFT_OBJC_BRIDGING_HEADER = "";
				SWIFT_OPTIMIZATION_LEVEL = "-Onone";
			};
			name = Debug;
		};
		2A284ED429348FD8002E7F4B /* Release */ = {
			isa = XCBuildConfiguration;
			buildSettings = {
				ALWAYS_SEARCH_USER_PATHS = NO;
				CLANG_ANALYZER_NONNULL = YES;
				CLANG_ANALYZER_NUMBER_OBJECT_CONVERSION = YES_AGGRESSIVE;
				CLANG_CXX_LANGUAGE_STANDARD = "gnu++20";
				CLANG_ENABLE_MODULES = YES;
				CLANG_ENABLE_OBJC_ARC = YES;
				CLANG_ENABLE_OBJC_WEAK = YES;
				CLANG_WARN_BLOCK_CAPTURE_AUTORELEASING = YES;
				CLANG_WARN_BOOL_CONVERSION = YES;
				CLANG_WARN_COMMA = YES;
				CLANG_WARN_CONSTANT_CONVERSION = YES;
				CLANG_WARN_DEPRECATED_OBJC_IMPLEMENTATIONS = YES;
				CLANG_WARN_DIRECT_OBJC_ISA_USAGE = YES_ERROR;
				CLANG_WARN_DOCUMENTATION_COMMENTS = YES;
				CLANG_WARN_EMPTY_BODY = YES;
				CLANG_WARN_ENUM_CONVERSION = YES;
				CLANG_WARN_INFINITE_RECURSION = YES;
				CLANG_WARN_INT_CONVERSION = YES;
				CLANG_WARN_NON_LITERAL_NULL_CONVERSION = YES;
				CLANG_WARN_OBJC_IMPLICIT_RETAIN_SELF = YES;
				CLANG_WARN_OBJC_LITERAL_CONVERSION = YES;
				CLANG_WARN_OBJC_ROOT_CLASS = YES_ERROR;
				CLANG_WARN_QUOTED_INCLUDE_IN_FRAMEWORK_HEADER = YES;
				CLANG_WARN_RANGE_LOOP_ANALYSIS = YES;
				CLANG_WARN_STRICT_PROTOTYPES = YES;
				CLANG_WARN_SUSPICIOUS_MOVE = YES;
				CLANG_WARN_UNGUARDED_AVAILABILITY = YES_AGGRESSIVE;
				CLANG_WARN_UNREACHABLE_CODE = YES;
				CLANG_WARN__DUPLICATE_METHOD_MATCH = YES;
				COPY_PHASE_STRIP = NO;
				DEBUG_INFORMATION_FORMAT = "dwarf-with-dsym";
				ENABLE_NS_ASSERTIONS = NO;
				ENABLE_STRICT_OBJC_MSGSEND = YES;
				GCC_C_LANGUAGE_STANDARD = gnu11;
				GCC_NO_COMMON_BLOCKS = YES;
				GCC_WARN_64_TO_32_BIT_CONVERSION = YES;
				GCC_WARN_ABOUT_RETURN_TYPE = YES_ERROR;
				GCC_WARN_UNDECLARED_SELECTOR = YES;
				GCC_WARN_UNINITIALIZED_AUTOS = YES_AGGRESSIVE;
				GCC_WARN_UNUSED_FUNCTION = YES;
				GCC_WARN_UNUSED_VARIABLE = YES;
				IPHONEOS_DEPLOYMENT_TARGET = 16.1;
				MTL_ENABLE_DEBUG_INFO = NO;
				MTL_FAST_MATH = YES;
				SDKROOT = iphoneos;
				SWIFT_COMPILATION_MODE = wholemodule;
				SWIFT_OBJC_BRIDGING_HEADER = "";
				SWIFT_OPTIMIZATION_LEVEL = "-O";
				VALIDATE_PRODUCT = YES;
			};
			name = Release;
		};
		2A284ED629348FD8002E7F4B /* Debug */ = {
			isa = XCBuildConfiguration;
			buildSettings = {
				ASSETCATALOG_COMPILER_APPICON_NAME = AppIcon;
				ASSETCATALOG_COMPILER_GLOBAL_ACCENT_COLOR_NAME = AccentColor;
				CODE_SIGN_STYLE = Automatic;
				CURRENT_PROJECT_VERSION = 1;
				DEVELOPMENT_TEAM = D6RUMAW749;
				GENERATE_INFOPLIST_FILE = YES;
				INFOPLIST_FILE = MyBeaconTest/Info.plist;
				INFOPLIST_KEY_UIApplicationSupportsIndirectInputEvents = YES;
				INFOPLIST_KEY_UILaunchStoryboardName = LaunchScreen;
				INFOPLIST_KEY_UIMainStoryboardFile = Main;
				INFOPLIST_KEY_UISupportedInterfaceOrientations_iPad = "UIInterfaceOrientationPortrait UIInterfaceOrientationPortraitUpsideDown UIInterfaceOrientationLandscapeLeft UIInterfaceOrientationLandscapeRight";
				INFOPLIST_KEY_UISupportedInterfaceOrientations_iPhone = "UIInterfaceOrientationPortrait UIInterfaceOrientationLandscapeLeft UIInterfaceOrientationLandscapeRight";
				IPHONEOS_DEPLOYMENT_TARGET = 14.0;
				LD_RUNPATH_SEARCH_PATHS = (
					"$(inherited)",
					"@executable_path/Frameworks",
				);
				LIBRARY_SEARCH_PATHS = (
					"$(inherited)",
					"$(PROJECT_DIR)/MyBeaconTest/MinewIbeacon",
				);
				MARKETING_VERSION = 1.0;
				PRODUCT_BUNDLE_IDENTIFIER = kr.co.heowork4327.Beacon.MyBeaconTest;
				PRODUCT_NAME = "$(TARGET_NAME)";
				SUPPORTED_PLATFORMS = "iphoneos iphonesimulator";
				SUPPORTS_MACCATALYST = NO;
				SUPPORTS_MAC_DESIGNED_FOR_IPHONE_IPAD = YES;
				SWIFT_EMIT_LOC_STRINGS = YES;
				SWIFT_OBJC_BRIDGING_HEADER = "MyBeaconTest/MinewIbeacon/MyBeaconTest-Bridging-Header.h";
				SWIFT_VERSION = 5.0;
				TARGETED_DEVICE_FAMILY = 1;
			};
			name = Debug;
		};
		2A284ED729348FD8002E7F4B /* Release */ = {
			isa = XCBuildConfiguration;
			buildSettings = {
				ASSETCATALOG_COMPILER_APPICON_NAME = AppIcon;
				ASSETCATALOG_COMPILER_GLOBAL_ACCENT_COLOR_NAME = AccentColor;
				CODE_SIGN_STYLE = Automatic;
				CURRENT_PROJECT_VERSION = 1;
				DEVELOPMENT_TEAM = D6RUMAW749;
				GENERATE_INFOPLIST_FILE = YES;
				INFOPLIST_FILE = MyBeaconTest/Info.plist;
				INFOPLIST_KEY_UIApplicationSupportsIndirectInputEvents = YES;
				INFOPLIST_KEY_UILaunchStoryboardName = LaunchScreen;
				INFOPLIST_KEY_UIMainStoryboardFile = Main;
				INFOPLIST_KEY_UISupportedInterfaceOrientations_iPad = "UIInterfaceOrientationPortrait UIInterfaceOrientationPortraitUpsideDown UIInterfaceOrientationLandscapeLeft UIInterfaceOrientationLandscapeRight";
				INFOPLIST_KEY_UISupportedInterfaceOrientations_iPhone = "UIInterfaceOrientationPortrait UIInterfaceOrientationLandscapeLeft UIInterfaceOrientationLandscapeRight";
				IPHONEOS_DEPLOYMENT_TARGET = 14.0;
				LD_RUNPATH_SEARCH_PATHS = (
					"$(inherited)",
					"@executable_path/Frameworks",
				);
				LIBRARY_SEARCH_PATHS = (
					"$(inherited)",
					"$(PROJECT_DIR)/MyBeaconTest/MinewIbeacon",
				);
				MARKETING_VERSION = 1.0;
				PRODUCT_BUNDLE_IDENTIFIER = kr.co.heowork4327.Beacon.MyBeaconTest;
				PRODUCT_NAME = "$(TARGET_NAME)";
				SUPPORTED_PLATFORMS = "iphoneos iphonesimulator";
				SUPPORTS_MACCATALYST = NO;
				SUPPORTS_MAC_DESIGNED_FOR_IPHONE_IPAD = YES;
				SWIFT_EMIT_LOC_STRINGS = YES;
				SWIFT_OBJC_BRIDGING_HEADER = "MyBeaconTest/MinewIbeacon/MyBeaconTest-Bridging-Header.h";
				SWIFT_VERSION = 5.0;
				TARGETED_DEVICE_FAMILY = 1;
			};
			name = Release;
		};
/* End XCBuildConfiguration section */

/* Begin XCConfigurationList section */
		2A284EBC29348FD6002E7F4B /* Build configuration list for PBXProject "MyBeaconTest" */ = {
			isa = XCConfigurationList;
			buildConfigurations = (
				2A284ED329348FD8002E7F4B /* Debug */,
				2A284ED429348FD8002E7F4B /* Release */,
			);
			defaultConfigurationIsVisible = 0;
			defaultConfigurationName = Release;
		};
		2A284ED529348FD8002E7F4B /* Build configuration list for PBXNativeTarget "MyBeaconTest" */ = {
			isa = XCConfigurationList;
			buildConfigurations = (
				2A284ED629348FD8002E7F4B /* Debug */,
				2A284ED729348FD8002E7F4B /* Release */,
			);
			defaultConfigurationIsVisible = 0;
			defaultConfigurationName = Release;
		};
/* End XCConfigurationList section */

/* Begin XCRemoteSwiftPackageReference section */
		2A284ED8293490FE002E7F4B /* XCRemoteSwiftPackageReference "SnapKit" */ = {
			isa = XCRemoteSwiftPackageReference;
			repositoryURL = "https://github.com/SnapKit/SnapKit.git";
			requirement = {
				kind = upToNextMajorVersion;
				minimumVersion = 5.0.0;
			};
		};
/* End XCRemoteSwiftPackageReference section */

/* Begin XCSwiftPackageProductDependency section */
		2A284EDF293496CA002E7F4B /* SnapKit */ = {
			isa = XCSwiftPackageProductDependency;
			package = 2A284ED8293490FE002E7F4B /* XCRemoteSwiftPackageReference "SnapKit" */;
			productName = SnapKit;
		};
/* End XCSwiftPackageProductDependency section */
	};
	rootObject = 2A284EB929348FD6002E7F4B /* Project object */;
}
